// !$*UTF8*$!
{
	archiveVersion = 1;
	classes = {
	};
	objectVersion = 56;
	objects = {

/* Begin PBXBuildFile section */
		DF5215872B09935200E13133 /* AppDelegate.swift in Sources */ = {isa = PBXBuildFile; fileRef = DF5215862B09935200E13133 /* AppDelegate.swift */; };
		DF5215892B09935200E13133 /* SceneDelegate.swift in Sources */ = {isa = PBXBuildFile; fileRef = DF5215882B09935200E13133 /* SceneDelegate.swift */; };
		DF52158B2B09935200E13133 /* ViewController.swift in Sources */ = {isa = PBXBuildFile; fileRef = DF52158A2B09935200E13133 /* ViewController.swift */; };
		DF52158E2B09935200E13133 /* Main.storyboard in Resources */ = {isa = PBXBuildFile; fileRef = DF52158C2B09935200E13133 /* Main.storyboard */; };
		DF5215902B09935300E13133 /* Assets.xcassets in Resources */ = {isa = PBXBuildFile; fileRef = DF52158F2B09935300E13133 /* Assets.xcassets */; };
		DF5215932B09935300E13133 /* LaunchScreen.storyboard in Resources */ = {isa = PBXBuildFile; fileRef = DF5215912B09935300E13133 /* LaunchScreen.storyboard */; };
		DF52159B2B09967A00E13133 /* SqueezeNet.mlmodel in Sources */ = {isa = PBXBuildFile; fileRef = DF52159A2B09967A00E13133 /* SqueezeNet.mlmodel */; };
		DF52159D2B0A627800E13133 /* ImageClassificationPredication.swift in Sources */ = {isa = PBXBuildFile; fileRef = DF52159C2B0A627800E13133 /* ImageClassificationPredication.swift */; };
		DF52159F2B0A665C00E13133 /* ImageClassifier.swift in Sources */ = {isa = PBXBuildFile; fileRef = DF52159E2B0A665C00E13133 /* ImageClassifier.swift */; };
		DFF851DC2B0AAA540054AA98 /* CGImagePropertyOrientation+Extensions.swift in Sources */ = {isa = PBXBuildFile; fileRef = DFF851DB2B0AAA540054AA98 /* CGImagePropertyOrientation+Extensions.swift */; };
/* End PBXBuildFile section */

/* Begin PBXFileReference section */
		DF5215832B09935200E13133 /* Image Classifier Example.app */ = {isa = PBXFileReference; explicitFileType = wrapper.application; includeInIndex = 0; path = "Image Classifier Example.app"; sourceTree = BUILT_PRODUCTS_DIR; };
		DF5215862B09935200E13133 /* AppDelegate.swift */ = {isa = PBXFileReference; lastKnownFileType = sourcecode.swift; path = AppDelegate.swift; sourceTree = "<group>"; };
		DF5215882B09935200E13133 /* SceneDelegate.swift */ = {isa = PBXFileReference; lastKnownFileType = sourcecode.swift; path = SceneDelegate.swift; sourceTree = "<group>"; };
		DF52158A2B09935200E13133 /* ViewController.swift */ = {isa = PBXFileReference; lastKnownFileType = sourcecode.swift; path = ViewController.swift; sourceTree = "<group>"; };
		DF52158D2B09935200E13133 /* Base */ = {isa = PBXFileReference; lastKnownFileType = file.storyboard; name = Base; path = Base.lproj/Main.storyboard; sourceTree = "<group>"; };
		DF52158F2B09935300E13133 /* Assets.xcassets */ = {isa = PBXFileReference; lastKnownFileType = folder.assetcatalog; path = Assets.xcassets; sourceTree = "<group>"; };
		DF5215922B09935300E13133 /* Base */ = {isa = PBXFileReference; lastKnownFileType = file.storyboard; name = Base; path = Base.lproj/LaunchScreen.storyboard; sourceTree = "<group>"; };
		DF5215942B09935300E13133 /* Info.plist */ = {isa = PBXFileReference; lastKnownFileType = text.plist.xml; path = Info.plist; sourceTree = "<group>"; };
		DF52159A2B09967A00E13133 /* SqueezeNet.mlmodel */ = {isa = PBXFileReference; lastKnownFileType = file.mlmodel; path = SqueezeNet.mlmodel; sourceTree = "<group>"; };
		DF52159C2B0A627800E13133 /* ImageClassificationPredication.swift */ = {isa = PBXFileReference; lastKnownFileType = sourcecode.swift; path = ImageClassificationPredication.swift; sourceTree = "<group>"; };
		DF52159E2B0A665C00E13133 /* ImageClassifier.swift */ = {isa = PBXFileReference; lastKnownFileType = sourcecode.swift; path = ImageClassifier.swift; sourceTree = "<group>"; };
		DFF851DB2B0AAA540054AA98 /* CGImagePropertyOrientation+Extensions.swift */ = {isa = PBXFileReference; lastKnownFileType = sourcecode.swift; path = "CGImagePropertyOrientation+Extensions.swift"; sourceTree = "<group>"; };
/* End PBXFileReference section */

/* Begin PBXFrameworksBuildPhase section */
		DF5215802B09935200E13133 /* Frameworks */ = {
			isa = PBXFrameworksBuildPhase;
			buildActionMask = 2147483647;
			files = (
			);
			runOnlyForDeploymentPostprocessing = 0;
		};
/* End PBXFrameworksBuildPhase section */

/* Begin PBXGroup section */
		DF52157A2B09935200E13133 = {
			isa = PBXGroup;
			children = (
				DF5215852B09935200E13133 /* Image Classifier Example */,
				DF5215842B09935200E13133 /* Products */,
			);
			sourceTree = "<group>";
		};
		DF5215842B09935200E13133 /* Products */ = {
			isa = PBXGroup;
			children = (
				DF5215832B09935200E13133 /* Image Classifier Example.app */,
			);
			name = Products;
			sourceTree = "<group>";
		};
		DF5215852B09935200E13133 /* Image Classifier Example */ = {
			isa = PBXGroup;
			children = (
				DF5215862B09935200E13133 /* AppDelegate.swift */,
				DF5215882B09935200E13133 /* SceneDelegate.swift */,
				DF52158A2B09935200E13133 /* ViewController.swift */,
				DFF851DB2B0AAA540054AA98 /* CGImagePropertyOrientation+Extensions.swift */,
				DF52159C2B0A627800E13133 /* ImageClassificationPredication.swift */,
				DF52159E2B0A665C00E13133 /* ImageClassifier.swift */,
				DF52158F2B09935300E13133 /* Assets.xcassets */,
				DF5215942B09935300E13133 /* Info.plist */,
				DF5215912B09935300E13133 /* LaunchScreen.storyboard */,
				DF52158C2B09935200E13133 /* Main.storyboard */,
				DF52159A2B09967A00E13133 /* SqueezeNet.mlmodel */,
			);
			path = "Image Classifier Example";
			sourceTree = "<group>";
		};
/* End PBXGroup section */

/* Begin PBXNativeTarget section */
		DF5215822B09935200E13133 /* Image Classifier Example */ = {
			isa = PBXNativeTarget;
			buildConfigurationList = DF5215972B09935300E13133 /* Build configuration list for PBXNativeTarget "Image Classifier Example" */;
			buildPhases = (
				DF52157F2B09935200E13133 /* Sources */,
				DF5215802B09935200E13133 /* Frameworks */,
				DF5215812B09935200E13133 /* Resources */,
			);
			buildRules = (
			);
			dependencies = (
			);
			name = "Image Classifier Example";
			productName = "Image Classifier Example";
			productReference = DF5215832B09935200E13133 /* Image Classifier Example.app */;
			productType = "com.apple.product-type.application";
		};
/* End PBXNativeTarget section */

/* Begin PBXProject section */
		DF52157B2B09935200E13133 /* Project object */ = {
			isa = PBXProject;
			attributes = {
				BuildIndependentTargetsInParallel = 1;
				LastSwiftUpdateCheck = 1500;
				LastUpgradeCheck = 1500;
				TargetAttributes = {
					DF5215822B09935200E13133 = {
						CreatedOnToolsVersion = 15.0.1;
					};
				};
			};
			buildConfigurationList = DF52157E2B09935200E13133 /* Build configuration list for PBXProject "Image Classifier Example" */;
			compatibilityVersion = "Xcode 14.0";
			developmentRegion = en;
			hasScannedForEncodings = 0;
			knownRegions = (
				en,
				Base,
			);
			mainGroup = DF52157A2B09935200E13133;
			productRefGroup = DF5215842B09935200E13133 /* Products */;
			projectDirPath = "";
			projectRoot = "";
			targets = (
				DF5215822B09935200E13133 /* Image Classifier Example */,
			);
		};
/* End PBXProject section */

/* Begin PBXResourcesBuildPhase section */
		DF5215812B09935200E13133 /* Resources */ = {
			isa = PBXResourcesBuildPhase;
			buildActionMask = 2147483647;
			files = (
				DF5215932B09935300E13133 /* LaunchScreen.storyboard in Resources */,
				DF5215902B09935300E13133 /* Assets.xcassets in Resources */,
				DF52158E2B09935200E13133 /* Main.storyboard in Resources */,
			);
			runOnlyForDeploymentPostprocessing = 0;
		};
/* End PBXResourcesBuildPhase section */

/* Begin PBXSourcesBuildPhase section */
		DF52157F2B09935200E13133 /* Sources */ = {
			isa = PBXSourcesBuildPhase;
			buildActionMask = 2147483647;
			files = (
				DF52159D2B0A627800E13133 /* ImageClassificationPredication.swift in Sources */,
				DF52158B2B09935200E13133 /* ViewController.swift in Sources */,
				DF5215872B09935200E13133 /* AppDelegate.swift in Sources */,
				DFF851DC2B0AAA540054AA98 /* CGImagePropertyOrientation+Extensions.swift in Sources */,
				DF5215892B09935200E13133 /* SceneDelegate.swift in Sources */,
				DF52159F2B0A665C00E13133 /* ImageClassifier.swift in Sources */,
				DF52159B2B09967A00E13133 /* SqueezeNet.mlmodel in Sources */,
			);
			runOnlyForDeploymentPostprocessing = 0;
		};
/* End PBXSourcesBuildPhase section */

/* Begin PBXVariantGroup section */
		DF52158C2B09935200E13133 /* Main.storyboard */ = {
			isa = PBXVariantGroup;
			children = (
				DF52158D2B09935200E13133 /* Base */,
			);
			name = Main.storyboard;
			sourceTree = "<group>";
		};
		DF5215912B09935300E13133 /* LaunchScreen.storyboard */ = {
			isa = PBXVariantGroup;
			children = (
				DF5215922B09935300E13133 /* Base */,
			);
			name = LaunchScreen.storyboard;
			sourceTree = "<group>";
		};
/* End PBXVariantGroup section */

/* Begin XCBuildConfiguration section */
		DF5215952B09935300E13133 /* Debug */ = {
			isa = XCBuildConfiguration;
			buildSettings = {
				ALWAYS_SEARCH_USER_PATHS = NO;
				ASSETCATALOG_COMPILER_GENERATE_SWIFT_ASSET_SYMBOL_EXTENSIONS = YES;
				CLANG_ANALYZER_NONNULL = YES;
				CLANG_ANALYZER_NUMBER_OBJECT_CONVERSION = YES_AGGRESSIVE;
				CLANG_CXX_LANGUAGE_STANDARD = "gnu++20";
				CLANG_ENABLE_MODULES = YES;
				CLANG_ENABLE_OBJC_ARC = YES;
				CLANG_ENABLE_OBJC_WEAK = YES;
				CLANG_WARN_BLOCK_CAPTURE_AUTORELEASING = YES;
				CLANG_WARN_BOOL_CONVERSION = YES;
				CLANG_WARN_COMMA = YES;
				CLANG_WARN_CONSTANT_CONVERSION = YES;
				CLANG_WARN_DEPRECATED_OBJC_IMPLEMENTATIONS = YES;
				CLANG_WARN_DIRECT_OBJC_ISA_USAGE = YES_ERROR;
				CLANG_WARN_DOCUMENTATION_COMMENTS = YES;
				CLANG_WARN_EMPTY_BODY = YES;
				CLANG_WARN_ENUM_CONVERSION = YES;
				CLANG_WARN_INFINITE_RECURSION = YES;
				CLANG_WARN_INT_CONVERSION = YES;
				CLANG_WARN_NON_LITERAL_NULL_CONVERSION = YES;
				CLANG_WARN_OBJC_IMPLICIT_RETAIN_SELF = YES;
				CLANG_WARN_OBJC_LITERAL_CONVERSION = YES;
				CLANG_WARN_OBJC_ROOT_CLASS = YES_ERROR;
				CLANG_WARN_QUOTED_INCLUDE_IN_FRAMEWORK_HEADER = YES;
				CLANG_WARN_RANGE_LOOP_ANALYSIS = YES;
				CLANG_WARN_STRICT_PROTOTYPES = YES;
				CLANG_WARN_SUSPICIOUS_MOVE = YES;
				CLANG_WARN_UNGUARDED_AVAILABILITY = YES_AGGRESSIVE;
				CLANG_WARN_UNREACHABLE_CODE = YES;
				CLANG_WARN__DUPLICATE_METHOD_MATCH = YES;
				COPY_PHASE_STRIP = NO;
				DEBUG_INFORMATION_FORMAT = dwarf;
				ENABLE_STRICT_OBJC_MSGSEND = YES;
				ENABLE_TESTABILITY = YES;
				ENABLE_USER_SCRIPT_SANDBOXING = YES;
				GCC_C_LANGUAGE_STANDARD = gnu17;
				GCC_DYNAMIC_NO_PIC = NO;
				GCC_NO_COMMON_BLOCKS = YES;
				GCC_OPTIMIZATION_LEVEL = 0;
				GCC_PREPROCESSOR_DEFINITIONS = (
					"DEBUG=1",
					"$(inherited)",
				);
				GCC_WARN_64_TO_32_BIT_CONVERSION = YES;
				GCC_WARN_ABOUT_RETURN_TYPE = YES_ERROR;
				GCC_WARN_UNDECLARED_SELECTOR = YES;
				GCC_WARN_UNINITIALIZED_AUTOS = YES_AGGRESSIVE;
				GCC_WARN_UNUSED_FUNCTION = YES;
				GCC_WARN_UNUSED_VARIABLE = YES;
				IPHONEOS_DEPLOYMENT_TARGET = 17.0;
				LOCALIZATION_PREFERS_STRING_CATALOGS = YES;
				MTL_ENABLE_DEBUG_INFO = INCLUDE_SOURCE;
				MTL_FAST_MATH = YES;
				ONLY_ACTIVE_ARCH = YES;
				SDKROOT = iphoneos;
				SWIFT_ACTIVE_COMPILATION_CONDITIONS = "DEBUG $(inherited)";
				SWIFT_OPTIMIZATION_LEVEL = "-Onone";
			};
			name = Debug;
		};
		DF5215962B09935300E13133 /* Release */ = {
			isa = XCBuildConfiguration;
			buildSettings = {
				ALWAYS_SEARCH_USER_PATHS = NO;
				ASSETCATALOG_COMPILER_GENERATE_SWIFT_ASSET_SYMBOL_EXTENSIONS = YES;
				CLANG_ANALYZER_NONNULL = YES;
				CLANG_ANALYZER_NUMBER_OBJECT_CONVERSION = YES_AGGRESSIVE;
				CLANG_CXX_LANGUAGE_STANDARD = "gnu++20";
				CLANG_ENABLE_MODULES = YES;
				CLANG_ENABLE_OBJC_ARC = YES;
				CLANG_ENABLE_OBJC_WEAK = YES;
				CLANG_WARN_BLOCK_CAPTURE_AUTORELEASING = YES;
				CLANG_WARN_BOOL_CONVERSION = YES;
				CLANG_WARN_COMMA = YES;
				CLANG_WARN_CONSTANT_CONVERSION = YES;
				CLANG_WARN_DEPRECATED_OBJC_IMPLEMENTATIONS = YES;
				CLANG_WARN_DIRECT_OBJC_ISA_USAGE = YES_ERROR;
				CLANG_WARN_DOCUMENTATION_COMMENTS = YES;
				CLANG_WARN_EMPTY_BODY = YES;
				CLANG_WARN_ENUM_CONVERSION = YES;
				CLANG_WARN_INFINITE_RECURSION = YES;
				CLANG_WARN_INT_CONVERSION = YES;
				CLANG_WARN_NON_LITERAL_NULL_CONVERSION = YES;
				CLANG_WARN_OBJC_IMPLICIT_RETAIN_SELF = YES;
				CLANG_WARN_OBJC_LITERAL_CONVERSION = YES;
				CLANG_WARN_OBJC_ROOT_CLASS = YES_ERROR;
				CLANG_WARN_QUOTED_INCLUDE_IN_FRAMEWORK_HEADER = YES;
				CLANG_WARN_RANGE_LOOP_ANALYSIS = YES;
				CLANG_WARN_STRICT_PROTOTYPES = YES;
				CLANG_WARN_SUSPICIOUS_MOVE = YES;
				CLANG_WARN_UNGUARDED_AVAILABILITY = YES_AGGRESSIVE;
				CLANG_WARN_UNREACHABLE_CODE = YES;
				CLANG_WARN__DUPLICATE_METHOD_MATCH = YES;
				COPY_PHASE_STRIP = NO;
				DEBUG_INFORMATION_FORMAT = "dwarf-with-dsym";
				ENABLE_NS_ASSERTIONS = NO;
				ENABLE_STRICT_OBJC_MSGSEND = YES;
				ENABLE_USER_SCRIPT_SANDBOXING = YES;
				GCC_C_LANGUAGE_STANDARD = gnu17;
				GCC_NO_COMMON_BLOCKS = YES;
				GCC_WARN_64_TO_32_BIT_CONVERSION = YES;
				GCC_WARN_ABOUT_RETURN_TYPE = YES_ERROR;
				GCC_WARN_UNDECLARED_SELECTOR = YES;
				GCC_WARN_UNINITIALIZED_AUTOS = YES_AGGRESSIVE;
				GCC_WARN_UNUSED_FUNCTION = YES;
				GCC_WARN_UNUSED_VARIABLE = YES;
				IPHONEOS_DEPLOYMENT_TARGET = 17.0;
				LOCALIZATION_PREFERS_STRING_CATALOGS = YES;
				MTL_ENABLE_DEBUG_INFO = NO;
				MTL_FAST_MATH = YES;
				SDKROOT = iphoneos;
				SWIFT_COMPILATION_MODE = wholemodule;
				VALIDATE_PRODUCT = YES;
			};
			name = Release;
		};
		DF5215982B09935300E13133 /* Debug */ = {
			isa = XCBuildConfiguration;
			buildSettings = {
				ASSETCATALOG_COMPILER_APPICON_NAME = AppIcon;
				ASSETCATALOG_COMPILER_GLOBAL_ACCENT_COLOR_NAME = AccentColor;
				CODE_SIGN_STYLE = Automatic;
				CURRENT_PROJECT_VERSION = 1;
				DEVELOPMENT_TEAM = TX3HU8833D;
				GENERATE_INFOPLIST_FILE = YES;
				INFOPLIST_FILE = "Image Classifier Example/Info.plist";
				INFOPLIST_KEY_UIApplicationSupportsIndirectInputEvents = YES;
				INFOPLIST_KEY_UILaunchStoryboardName = LaunchScreen;
				INFOPLIST_KEY_UIMainStoryboardFile = Main;
				INFOPLIST_KEY_UISupportedInterfaceOrientations_iPad = "UIInterfaceOrientationPortrait UIInterfaceOrientationPortraitUpsideDown UIInterfaceOrientationLandscapeLeft UIInterfaceOrientationLandscapeRight";
				INFOPLIST_KEY_UISupportedInterfaceOrientations_iPhone = "UIInterfaceOrientationPortrait UIInterfaceOrientationLandscapeLeft UIInterfaceOrientationLandscapeRight";
				LD_RUNPATH_SEARCH_PATHS = (
					"$(inherited)",
					"@executable_path/Frameworks",
				);
				MARKETING_VERSION = 1.0;
				PRODUCT_BUNDLE_IDENTIFIER = "de.rwth-aachen.Image-Classifier-Example";
				PRODUCT_NAME = "$(TARGET_NAME)";
				SWIFT_EMIT_LOC_STRINGS = YES;
				SWIFT_VERSION = 5.0;
				TARGETED_DEVICE_FAMILY = "1,2";
			};
			name = Debug;
		};
		DF5215992B09935300E13133 /* Release */ = {
			isa = XCBuildConfiguration;
			buildSettings = {
				ASSETCATALOG_COMPILER_APPICON_NAME = AppIcon;
				ASSETCATALOG_COMPILER_GLOBAL_ACCENT_COLOR_NAME = AccentColor;
				CODE_SIGN_STYLE = Automatic;
				CURRENT_PROJECT_VERSION = 1;
				DEVELOPMENT_TEAM = TX3HU8833D;
				GENERATE_INFOPLIST_FILE = YES;
				INFOPLIST_FILE = "Image Classifier Example/Info.plist";
				INFOPLIST_KEY_UIApplicationSupportsIndirectInputEvents = YES;
				INFOPLIST_KEY_UILaunchStoryboardName = LaunchScreen;
				INFOPLIST_KEY_UIMainStoryboardFile = Main;
				INFOPLIST_KEY_UISupportedInterfaceOrientations_iPad = "UIInterfaceOrientationPortrait UIInterfaceOrientationPortraitUpsideDown UIInterfaceOrientationLandscapeLeft UIInterfaceOrientationLandscapeRight";
				INFOPLIST_KEY_UISupportedInterfaceOrientations_iPhone = "UIInterfaceOrientationPortrait UIInterfaceOrientationLandscapeLeft UIInterfaceOrientationLandscapeRight";
				LD_RUNPATH_SEARCH_PATHS = (
					"$(inherited)",
					"@executable_path/Frameworks",
				);
				MARKETING_VERSION = 1.0;
				PRODUCT_BUNDLE_IDENTIFIER = "de.rwth-aachen.Image-Classifier-Example";
				PRODUCT_NAME = "$(TARGET_NAME)";
				SWIFT_EMIT_LOC_STRINGS = YES;
				SWIFT_VERSION = 5.0;
				TARGETED_DEVICE_FAMILY = "1,2";
			};
			name = Release;
		};
/* End XCBuildConfiguration section */

/* Begin XCConfigurationList section */
		DF52157E2B09935200E13133 /* Build configuration list for PBXProject "Image Classifier Example" */ = {
			isa = XCConfigurationList;
			buildConfigurations = (
				DF5215952B09935300E13133 /* Debug */,
				DF5215962B09935300E13133 /* Release */,
			);
			defaultConfigurationIsVisible = 0;
			defaultConfigurationName = Release;
		};
		DF5215972B09935300E13133 /* Build configuration list for PBXNativeTarget "Image Classifier Example" */ = {
			isa = XCConfigurationList;
			buildConfigurations = (
				DF5215982B09935300E13133 /* Debug */,
				DF5215992B09935300E13133 /* Release */,
			);
			defaultConfigurationIsVisible = 0;
			defaultConfigurationName = Release;
		};
/* End XCConfigurationList section */
	};
	rootObject = DF52157B2B09935200E13133 /* Project object */;
}
